// !$*UTF8*$!
{
	archiveVersion = 1;
	classes = {
	};
	objectVersion = 56;
	objects = {

/* Begin PBXBuildFile section */
		9064955A92C18039E3D21027 /* Pods_Agent_cn.framework in Frameworks */ = {isa = PBXBuildFile; fileRef = 9195CC5D65D195315A29E3B0 /* Pods_Agent_cn.framework */; };
		AB297B742CA93805007FB93B /* KeyCenter.swift in Sources */ = {isa = PBXBuildFile; fileRef = AB297B722CA93805007FB93B /* KeyCenter.swift */; };
		AB7A7D582D360F37000B3034 /* AppDelegate.swift in Sources */ = {isa = PBXBuildFile; fileRef = AB7A7D4F2D360F37000B3034 /* AppDelegate.swift */; };
		AB7A7D602D360F37000B3034 /* SceneDelegate.swift in Sources */ = {isa = PBXBuildFile; fileRef = AB7A7D532D360F37000B3034 /* SceneDelegate.swift */; };
		AB7A7DA82D43B145000B3034 /* Assets.xcassets in Resources */ = {isa = PBXBuildFile; fileRef = AB7A7DA22D43B145000B3034 /* Assets.xcassets */; };
		AB7A7DA92D43B145000B3034 /* Localizable.strings in Resources */ = {isa = PBXBuildFile; fileRef = AB7A7DA42D43B145000B3034 /* Localizable.strings */; };
		ABBD05EF2D7FE093000F890A /* InfoPlist.strings in Resources */ = {isa = PBXBuildFile; fileRef = ABBD05ED2D7FE093000F890A /* InfoPlist.strings */; };
		F727F8692D5E3292003AF48D /* common_resource.zip in Resources */ = {isa = PBXBuildFile; fileRef = F727F8682D5E3292003AF48D /* common_resource.zip */; };
		F7D294B92D6C5D9900583343 /* Launch Screen.storyboard in Resources */ = {isa = PBXBuildFile; fileRef = F7D294B82D6C5D9900583343 /* Launch Screen.storyboard */; };
		F7D294BF2D6C6F9C00583343 /* Agora_AiLogo.png in Resources */ = {isa = PBXBuildFile; fileRef = F7D294BE2D6C6F9C00583343 /* Agora_AiLogo.png */; };
		F7E1531A2D71E479000C528A /* ball_video_rotating.mp4 in Resources */ = {isa = PBXBuildFile; fileRef = F7E153182D71E479000C528A /* ball_video_rotating.mp4 */; };
		F7E1531C2D71E479000C528A /* ball_video_start.mp4 in Resources */ = {isa = PBXBuildFile; fileRef = F7E153192D71E479000C528A /* ball_video_start.mp4 */; };
/* End PBXBuildFile section */

/* Begin PBXFileReference section */
		07B78001A80B50822C790D23 /* Pods-Agent-global.debug.xcconfig */ = {isa = PBXFileReference; includeInIndex = 1; lastKnownFileType = text.xcconfig; name = "Pods-Agent-global.debug.xcconfig"; path = "Target Support Files/Pods-Agent-global/Pods-Agent-global.debug.xcconfig"; sourceTree = "<group>"; };
		14285B5FCE1DF2A0D45D7A72 /* Pods-Agent-CN.release.xcconfig */ = {isa = PBXFileReference; includeInIndex = 1; lastKnownFileType = text.xcconfig; name = "Pods-Agent-CN.release.xcconfig"; path = "Target Support Files/Pods-Agent-CN/Pods-Agent-CN.release.xcconfig"; sourceTree = "<group>"; };
		1EB5085410A4166EDC4A73F5 /* Pods-Agent-global.release.xcconfig */ = {isa = PBXFileReference; includeInIndex = 1; lastKnownFileType = text.xcconfig; name = "Pods-Agent-global.release.xcconfig"; path = "Target Support Files/Pods-Agent-global/Pods-Agent-global.release.xcconfig"; sourceTree = "<group>"; };
		31931724A3B221D8FE67979B /* Pods-Agent-CN.debug.xcconfig */ = {isa = PBXFileReference; includeInIndex = 1; lastKnownFileType = text.xcconfig; name = "Pods-Agent-CN.debug.xcconfig"; path = "Target Support Files/Pods-Agent-CN/Pods-Agent-CN.debug.xcconfig"; sourceTree = "<group>"; };
		63DA7E13F03739D752E8AFBA /* Pods-Agent-cn.release.xcconfig */ = {isa = PBXFileReference; includeInIndex = 1; lastKnownFileType = text.xcconfig; name = "Pods-Agent-cn.release.xcconfig"; path = "Target Support Files/Pods-Agent-cn/Pods-Agent-cn.release.xcconfig"; sourceTree = "<group>"; };
		8F37A343475E6E1B40E1C17B /* Pods-Agent.debug.xcconfig */ = {isa = PBXFileReference; includeInIndex = 1; lastKnownFileType = text.xcconfig; name = "Pods-Agent.debug.xcconfig"; path = "Target Support Files/Pods-Agent/Pods-Agent.debug.xcconfig"; sourceTree = "<group>"; };
		9195CC5D65D195315A29E3B0 /* Pods_Agent_cn.framework */ = {isa = PBXFileReference; explicitFileType = wrapper.framework; includeInIndex = 0; path = Pods_Agent_cn.framework; sourceTree = BUILT_PRODUCTS_DIR; };
		A6F99B57ED93027F333D85BC /* Pods-Agent-oversea.debug.xcconfig */ = {isa = PBXFileReference; includeInIndex = 1; lastKnownFileType = text.xcconfig; name = "Pods-Agent-oversea.debug.xcconfig"; path = "Target Support Files/Pods-Agent-oversea/Pods-Agent-oversea.debug.xcconfig"; sourceTree = "<group>"; };
		AB297B5B2CA935A4007FB93B /* Agent-cn.app */ = {isa = PBXFileReference; explicitFileType = wrapper.application; includeInIndex = 0; path = "Agent-cn.app"; sourceTree = BUILT_PRODUCTS_DIR; };
		AB297B722CA93805007FB93B /* KeyCenter.swift */ = {isa = PBXFileReference; fileEncoding = 4; lastKnownFileType = sourcecode.swift; path = KeyCenter.swift; sourceTree = "<group>"; };
		AB7A7D4F2D360F37000B3034 /* AppDelegate.swift */ = {isa = PBXFileReference; fileEncoding = 4; lastKnownFileType = sourcecode.swift; path = AppDelegate.swift; sourceTree = "<group>"; };
		AB7A7D532D360F37000B3034 /* SceneDelegate.swift */ = {isa = PBXFileReference; fileEncoding = 4; lastKnownFileType = sourcecode.swift; path = SceneDelegate.swift; sourceTree = "<group>"; };
		AB7A7DA22D43B145000B3034 /* Assets.xcassets */ = {isa = PBXFileReference; lastKnownFileType = folder.assetcatalog; path = Assets.xcassets; sourceTree = "<group>"; };
		AB7A7DA32D43B145000B3034 /* zh-Hans */ = {isa = PBXFileReference; lastKnownFileType = text.plist.strings; name = "zh-Hans"; path = "zh-Hans.lproj/Localizable.strings"; sourceTree = "<group>"; };
		AB7A7DAD2D43B219000B3034 /* en */ = {isa = PBXFileReference; lastKnownFileType = text.plist.strings; name = en; path = en.lproj/Localizable.strings; sourceTree = "<group>"; };
		ABBD05EA2D7FDEC6000F890A /* Info.plist */ = {isa = PBXFileReference; fileEncoding = 4; lastKnownFileType = text.plist.xml; path = Info.plist; sourceTree = "<group>"; };
		ABBD05EE2D7FE093000F890A /* en */ = {isa = PBXFileReference; lastKnownFileType = text.plist.strings; name = en; path = en.lproj/InfoPlist.strings; sourceTree = "<group>"; };
		ABBD05F02D7FE0C8000F890A /* zh-Hans */ = {isa = PBXFileReference; lastKnownFileType = text.plist.strings; name = "zh-Hans"; path = "zh-Hans.lproj/InfoPlist.strings"; sourceTree = "<group>"; };
		D91E55880AF6C3438FDDFFF6 /* Pods-Agent.release.xcconfig */ = {isa = PBXFileReference; includeInIndex = 1; lastKnownFileType = text.xcconfig; name = "Pods-Agent.release.xcconfig"; path = "Target Support Files/Pods-Agent/Pods-Agent.release.xcconfig"; sourceTree = "<group>"; };
		DB5CA60023278675289ED5E8 /* Pods-Agent-cn.debug.xcconfig */ = {isa = PBXFileReference; includeInIndex = 1; lastKnownFileType = text.xcconfig; name = "Pods-Agent-cn.debug.xcconfig"; path = "Target Support Files/Pods-Agent-cn/Pods-Agent-cn.debug.xcconfig"; sourceTree = "<group>"; };
		F727F8682D5E3292003AF48D /* common_resource.zip */ = {isa = PBXFileReference; lastKnownFileType = archive.zip; path = common_resource.zip; sourceTree = "<group>"; };
		F7CEFFF62D7B050D0029BD3B /* Agent-cn.entitlements */ = {isa = PBXFileReference; lastKnownFileType = text.plist.entitlements; path = "Agent-cn.entitlements"; sourceTree = "<group>"; };
		F7D294B82D6C5D9900583343 /* Launch Screen.storyboard */ = {isa = PBXFileReference; lastKnownFileType = file.storyboard; path = "Launch Screen.storyboard"; sourceTree = "<group>"; };
		F7D294BE2D6C6F9C00583343 /* Agora_AiLogo.png */ = {isa = PBXFileReference; lastKnownFileType = image.png; path = Agora_AiLogo.png; sourceTree = "<group>"; };
		F7E153182D71E479000C528A /* ball_video_rotating.mp4 */ = {isa = PBXFileReference; lastKnownFileType = file; path = ball_video_rotating.mp4; sourceTree = "<group>"; };
		F7E153192D71E479000C528A /* ball_video_start.mp4 */ = {isa = PBXFileReference; lastKnownFileType = file; path = ball_video_start.mp4; sourceTree = "<group>"; };
		FFC83CF1A80017C399C30BA7 /* Pods-Agent-oversea.release.xcconfig */ = {isa = PBXFileReference; includeInIndex = 1; lastKnownFileType = text.xcconfig; name = "Pods-Agent-oversea.release.xcconfig"; path = "Target Support Files/Pods-Agent-oversea/Pods-Agent-oversea.release.xcconfig"; sourceTree = "<group>"; };
/* End PBXFileReference section */

/* Begin PBXFrameworksBuildPhase section */
		AB297B582CA935A4007FB93B /* Frameworks */ = {
			isa = PBXFrameworksBuildPhase;
			buildActionMask = 2147483647;
			files = (
				9064955A92C18039E3D21027 /* Pods_Agent_cn.framework in Frameworks */,
			);
			runOnlyForDeploymentPostprocessing = 0;
		};
/* End PBXFrameworksBuildPhase section */

/* Begin PBXGroup section */
		30EF62E0E578B02E6760430C /* Frameworks */ = {
			isa = PBXGroup;
			children = (
				9195CC5D65D195315A29E3B0 /* Pods_Agent_cn.framework */,
			);
			name = Frameworks;
			sourceTree = "<group>";
		};
		46900E12D89305866F380C71 /* Pods */ = {
			isa = PBXGroup;
			children = (
				8F37A343475E6E1B40E1C17B /* Pods-Agent.debug.xcconfig */,
				D91E55880AF6C3438FDDFFF6 /* Pods-Agent.release.xcconfig */,
				31931724A3B221D8FE67979B /* Pods-Agent-CN.debug.xcconfig */,
				14285B5FCE1DF2A0D45D7A72 /* Pods-Agent-CN.release.xcconfig */,
				A6F99B57ED93027F333D85BC /* Pods-Agent-oversea.debug.xcconfig */,
				FFC83CF1A80017C399C30BA7 /* Pods-Agent-oversea.release.xcconfig */,
				DB5CA60023278675289ED5E8 /* Pods-Agent-cn.debug.xcconfig */,
				63DA7E13F03739D752E8AFBA /* Pods-Agent-cn.release.xcconfig */,
				07B78001A80B50822C790D23 /* Pods-Agent-global.debug.xcconfig */,
				1EB5085410A4166EDC4A73F5 /* Pods-Agent-global.release.xcconfig */,
			);
			path = Pods;
			sourceTree = "<group>";
		};
		AB297B522CA935A4007FB93B = {
			isa = PBXGroup;
			children = (
				F7CEFFF62D7B050D0029BD3B /* Agent-cn.entitlements */,
				AB297B5D2CA935A4007FB93B /* Agent */,
				AB297B5C2CA935A4007FB93B /* Products */,
				46900E12D89305866F380C71 /* Pods */,
				30EF62E0E578B02E6760430C /* Frameworks */,
			);
			sourceTree = "<group>";
		};
		AB297B5C2CA935A4007FB93B /* Products */ = {
			isa = PBXGroup;
			children = (
				AB297B5B2CA935A4007FB93B /* Agent-cn.app */,
			);
			name = Products;
			sourceTree = "<group>";
		};
		AB297B5D2CA935A4007FB93B /* Agent */ = {
			isa = PBXGroup;
			children = (
				AB297B722CA93805007FB93B /* KeyCenter.swift */,
				AB7A7D552D360F37000B3034 /* src */,
				AB7A7DA72D43B145000B3034 /* Resources */,
				F7D294B82D6C5D9900583343 /* Launch Screen.storyboard */,
				ABBD05EA2D7FDEC6000F890A /* Info.plist */,
				ABBD05ED2D7FE093000F890A /* InfoPlist.strings */,
			);
			path = Agent;
			sourceTree = "<group>";
		};
		AB7A7D552D360F37000B3034 /* src */ = {
			isa = PBXGroup;
			children = (
				AB7A7D4F2D360F37000B3034 /* AppDelegate.swift */,
				AB7A7D532D360F37000B3034 /* SceneDelegate.swift */,
			);
			path = src;
			sourceTree = "<group>";
		};
		AB7A7DA72D43B145000B3034 /* Resources */ = {
			isa = PBXGroup;
			children = (
				F727F8682D5E3292003AF48D /* common_resource.zip */,
				F7D294BE2D6C6F9C00583343 /* Agora_AiLogo.png */,
				F7E153182D71E479000C528A /* ball_video_rotating.mp4 */,
				F7E153192D71E479000C528A /* ball_video_start.mp4 */,
				AB7A7DA22D43B145000B3034 /* Assets.xcassets */,
				AB7A7DA42D43B145000B3034 /* Localizable.strings */,
			);
			path = Resources;
			sourceTree = "<group>";
		};
/* End PBXGroup section */

/* Begin PBXNativeTarget section */
		AB297B5A2CA935A4007FB93B /* Agent-cn */ = {
			isa = PBXNativeTarget;
			buildConfigurationList = AB297B6F2CA935A6007FB93B /* Build configuration list for PBXNativeTarget "Agent-cn" */;
			buildPhases = (
				870B63887DF86F1E4DDB6E29 /* [CP] Check Pods Manifest.lock */,
				AB297B572CA935A4007FB93B /* Sources */,
				AB297B582CA935A4007FB93B /* Frameworks */,
				AB297B592CA935A4007FB93B /* Resources */,
				59E38C4895818F7A848677D3 /* [CP] Embed Pods Frameworks */,
				6A78C839D1C988E6D2D9DE1E /* [CP] Copy Pods Resources */,
			);
			buildRules = (
			);
			dependencies = (
			);
			name = "Agent-cn";
			productName = Agent;
			productReference = AB297B5B2CA935A4007FB93B /* Agent-cn.app */;
			productType = "com.apple.product-type.application";
		};
/* End PBXNativeTarget section */

/* Begin PBXProject section */
		AB297B532CA935A4007FB93B /* Project object */ = {
			isa = PBXProject;
			attributes = {
				BuildIndependentTargetsInParallel = 1;
				LastSwiftUpdateCheck = 1540;
				LastUpgradeCheck = 1540;
				TargetAttributes = {
					AB297B5A2CA935A4007FB93B = {
						CreatedOnToolsVersion = 15.4;
					};
				};
			};
			buildConfigurationList = AB297B562CA935A4007FB93B /* Build configuration list for PBXProject "Agent" */;
			compatibilityVersion = "Xcode 14.0";
			developmentRegion = en;
			hasScannedForEncodings = 0;
			knownRegions = (
				"zh-Hans",
				en,
			);
			mainGroup = AB297B522CA935A4007FB93B;
			productRefGroup = AB297B5C2CA935A4007FB93B /* Products */;
			projectDirPath = "";
			projectRoot = "";
			targets = (
				AB297B5A2CA935A4007FB93B /* Agent-cn */,
			);
		};
/* End PBXProject section */

/* Begin PBXResourcesBuildPhase section */
		AB297B592CA935A4007FB93B /* Resources */ = {
			isa = PBXResourcesBuildPhase;
			buildActionMask = 2147483647;
			files = (
				F7D294BF2D6C6F9C00583343 /* Agora_AiLogo.png in Resources */,
				ABBD05EF2D7FE093000F890A /* InfoPlist.strings in Resources */,
				AB7A7DA92D43B145000B3034 /* Localizable.strings in Resources */,
				F7D294B92D6C5D9900583343 /* Launch Screen.storyboard in Resources */,
				F7E1531C2D71E479000C528A /* ball_video_start.mp4 in Resources */,
				F727F8692D5E3292003AF48D /* common_resource.zip in Resources */,
				AB7A7DA82D43B145000B3034 /* Assets.xcassets in Resources */,
				F7E1531A2D71E479000C528A /* ball_video_rotating.mp4 in Resources */,
			);
			runOnlyForDeploymentPostprocessing = 0;
		};
/* End PBXResourcesBuildPhase section */

/* Begin PBXShellScriptBuildPhase section */
		59E38C4895818F7A848677D3 /* [CP] Embed Pods Frameworks */ = {
			isa = PBXShellScriptBuildPhase;
			buildActionMask = 2147483647;
			files = (
			);
			inputFileListPaths = (
				"${PODS_ROOT}/Target Support Files/Pods-Agent-cn/Pods-Agent-cn-frameworks-${CONFIGURATION}-input-files.xcfilelist",
			);
			name = "[CP] Embed Pods Frameworks";
			outputFileListPaths = (
				"${PODS_ROOT}/Target Support Files/Pods-Agent-cn/Pods-Agent-cn-frameworks-${CONFIGURATION}-output-files.xcfilelist",
			);
			runOnlyForDeploymentPostprocessing = 0;
			shellPath = /bin/sh;
			shellScript = "\"${PODS_ROOT}/Target Support Files/Pods-Agent-cn/Pods-Agent-cn-frameworks.sh\"\n";
			showEnvVarsInLog = 0;
		};
		6A78C839D1C988E6D2D9DE1E /* [CP] Copy Pods Resources */ = {
			isa = PBXShellScriptBuildPhase;
			buildActionMask = 2147483647;
			files = (
			);
			inputFileListPaths = (
				"${PODS_ROOT}/Target Support Files/Pods-Agent-cn/Pods-Agent-cn-resources-${CONFIGURATION}-input-files.xcfilelist",
			);
			name = "[CP] Copy Pods Resources";
			outputFileListPaths = (
				"${PODS_ROOT}/Target Support Files/Pods-Agent-cn/Pods-Agent-cn-resources-${CONFIGURATION}-output-files.xcfilelist",
			);
			runOnlyForDeploymentPostprocessing = 0;
			shellPath = /bin/sh;
			shellScript = "\"${PODS_ROOT}/Target Support Files/Pods-Agent-cn/Pods-Agent-cn-resources.sh\"\n";
			showEnvVarsInLog = 0;
		};
		870B63887DF86F1E4DDB6E29 /* [CP] Check Pods Manifest.lock */ = {
			isa = PBXShellScriptBuildPhase;
			buildActionMask = 2147483647;
			files = (
			);
			inputFileListPaths = (
			);
			inputPaths = (
				"${PODS_PODFILE_DIR_PATH}/Podfile.lock",
				"${PODS_ROOT}/Manifest.lock",
			);
			name = "[CP] Check Pods Manifest.lock";
			outputFileListPaths = (
			);
			outputPaths = (
				"$(DERIVED_FILE_DIR)/Pods-Agent-cn-checkManifestLockResult.txt",
			);
			runOnlyForDeploymentPostprocessing = 0;
			shellPath = /bin/sh;
			shellScript = "diff \"${PODS_PODFILE_DIR_PATH}/Podfile.lock\" \"${PODS_ROOT}/Manifest.lock\" > /dev/null\nif [ $? != 0 ] ; then\n    # print error to STDERR\n    echo \"error: The sandbox is not in sync with the Podfile.lock. Run 'pod install' or update your CocoaPods installation.\" >&2\n    exit 1\nfi\n# This output is used by Xcode 'outputs' to avoid re-running this script phase.\necho \"SUCCESS\" > \"${SCRIPT_OUTPUT_FILE_0}\"\n";
			showEnvVarsInLog = 0;
		};
/* End PBXShellScriptBuildPhase section */

/* Begin PBXSourcesBuildPhase section */
		AB297B572CA935A4007FB93B /* Sources */ = {
			isa = PBXSourcesBuildPhase;
			buildActionMask = 2147483647;
			files = (
				AB7A7D582D360F37000B3034 /* AppDelegate.swift in Sources */,
				AB7A7D602D360F37000B3034 /* SceneDelegate.swift in Sources */,
				AB297B742CA93805007FB93B /* KeyCenter.swift in Sources */,
			);
			runOnlyForDeploymentPostprocessing = 0;
		};
/* End PBXSourcesBuildPhase section */

/* Begin PBXVariantGroup section */
		AB7A7DA42D43B145000B3034 /* Localizable.strings */ = {
			isa = PBXVariantGroup;
			children = (
				AB7A7DA32D43B145000B3034 /* zh-Hans */,
				AB7A7DAD2D43B219000B3034 /* en */,
			);
			name = Localizable.strings;
			sourceTree = "<group>";
		};
		ABBD05ED2D7FE093000F890A /* InfoPlist.strings */ = {
			isa = PBXVariantGroup;
			children = (
				ABBD05EE2D7FE093000F890A /* en */,
				ABBD05F02D7FE0C8000F890A /* zh-Hans */,
			);
			name = InfoPlist.strings;
			sourceTree = "<group>";
		};
/* End PBXVariantGroup section */

/* Begin XCBuildConfiguration section */
		AB297B6D2CA935A6007FB93B /* Debug */ = {
			isa = XCBuildConfiguration;
			buildSettings = {
				ALWAYS_SEARCH_USER_PATHS = NO;
				ASSETCATALOG_COMPILER_GENERATE_SWIFT_ASSET_SYMBOL_EXTENSIONS = YES;
				CLANG_ANALYZER_LOCALIZABILITY_NONLOCALIZED = YES;
				CLANG_ANALYZER_NONNULL = YES;
				CLANG_ANALYZER_NUMBER_OBJECT_CONVERSION = YES_AGGRESSIVE;
				CLANG_CXX_LANGUAGE_STANDARD = "gnu++20";
				CLANG_ENABLE_MODULES = YES;
				CLANG_ENABLE_OBJC_ARC = YES;
				CLANG_ENABLE_OBJC_WEAK = YES;
				CLANG_WARN_BLOCK_CAPTURE_AUTORELEASING = YES;
				CLANG_WARN_BOOL_CONVERSION = YES;
				CLANG_WARN_COMMA = YES;
				CLANG_WARN_CONSTANT_CONVERSION = YES;
				CLANG_WARN_DEPRECATED_OBJC_IMPLEMENTATIONS = YES;
				CLANG_WARN_DIRECT_OBJC_ISA_USAGE = YES_ERROR;
				CLANG_WARN_DOCUMENTATION_COMMENTS = YES;
				CLANG_WARN_EMPTY_BODY = YES;
				CLANG_WARN_ENUM_CONVERSION = YES;
				CLANG_WARN_INFINITE_RECURSION = YES;
				CLANG_WARN_INT_CONVERSION = YES;
				CLANG_WARN_NON_LITERAL_NULL_CONVERSION = YES;
				CLANG_WARN_OBJC_IMPLICIT_RETAIN_SELF = YES;
				CLANG_WARN_OBJC_LITERAL_CONVERSION = YES;
				CLANG_WARN_OBJC_ROOT_CLASS = YES_ERROR;
				CLANG_WARN_QUOTED_INCLUDE_IN_FRAMEWORK_HEADER = YES;
				CLANG_WARN_RANGE_LOOP_ANALYSIS = YES;
				CLANG_WARN_STRICT_PROTOTYPES = YES;
				CLANG_WARN_SUSPICIOUS_MOVE = YES;
				CLANG_WARN_UNGUARDED_AVAILABILITY = YES_AGGRESSIVE;
				CLANG_WARN_UNREACHABLE_CODE = YES;
				CLANG_WARN__DUPLICATE_METHOD_MATCH = YES;
				COPY_PHASE_STRIP = NO;
				DEBUG_INFORMATION_FORMAT = dwarf;
				ENABLE_STRICT_OBJC_MSGSEND = YES;
				ENABLE_TESTABILITY = YES;
				ENABLE_USER_SCRIPT_SANDBOXING = YES;
				GCC_C_LANGUAGE_STANDARD = gnu17;
				GCC_DYNAMIC_NO_PIC = NO;
				GCC_NO_COMMON_BLOCKS = YES;
				GCC_OPTIMIZATION_LEVEL = 0;
				GCC_PREPROCESSOR_DEFINITIONS = (
					"DEBUG=1",
					"$(inherited)",
				);
				GCC_WARN_64_TO_32_BIT_CONVERSION = YES;
				GCC_WARN_ABOUT_RETURN_TYPE = YES_ERROR;
				GCC_WARN_UNDECLARED_SELECTOR = YES;
				GCC_WARN_UNINITIALIZED_AUTOS = YES_AGGRESSIVE;
				GCC_WARN_UNUSED_FUNCTION = YES;
				GCC_WARN_UNUSED_VARIABLE = YES;
				INFOPLIST_EXPAND_BUILD_SETTINGS = YES;
				INFOPLIST_FILE = Agent/Info.plist;
				IPHONEOS_DEPLOYMENT_TARGET = 17.5;
				LOCALIZATION_PREFERS_STRING_CATALOGS = YES;
				MTL_ENABLE_DEBUG_INFO = INCLUDE_SOURCE;
				MTL_FAST_MATH = YES;
				ONLY_ACTIVE_ARCH = YES;
				SDKROOT = iphoneos;
				SWIFT_ACTIVE_COMPILATION_CONDITIONS = "DEBUG $(inherited)";
				SWIFT_OPTIMIZATION_LEVEL = "-Onone";
			};
			name = Debug;
		};
		AB297B6E2CA935A6007FB93B /* Release */ = {
			isa = XCBuildConfiguration;
			buildSettings = {
				ALWAYS_SEARCH_USER_PATHS = NO;
				ASSETCATALOG_COMPILER_GENERATE_SWIFT_ASSET_SYMBOL_EXTENSIONS = YES;
				CLANG_ANALYZER_LOCALIZABILITY_NONLOCALIZED = YES;
				CLANG_ANALYZER_NONNULL = YES;
				CLANG_ANALYZER_NUMBER_OBJECT_CONVERSION = YES_AGGRESSIVE;
				CLANG_CXX_LANGUAGE_STANDARD = "gnu++20";
				CLANG_ENABLE_MODULES = YES;
				CLANG_ENABLE_OBJC_ARC = YES;
				CLANG_ENABLE_OBJC_WEAK = YES;
				CLANG_WARN_BLOCK_CAPTURE_AUTORELEASING = YES;
				CLANG_WARN_BOOL_CONVERSION = YES;
				CLANG_WARN_COMMA = YES;
				CLANG_WARN_CONSTANT_CONVERSION = YES;
				CLANG_WARN_DEPRECATED_OBJC_IMPLEMENTATIONS = YES;
				CLANG_WARN_DIRECT_OBJC_ISA_USAGE = YES_ERROR;
				CLANG_WARN_DOCUMENTATION_COMMENTS = YES;
				CLANG_WARN_EMPTY_BODY = YES;
				CLANG_WARN_ENUM_CONVERSION = YES;
				CLANG_WARN_INFINITE_RECURSION = YES;
				CLANG_WARN_INT_CONVERSION = YES;
				CLANG_WARN_NON_LITERAL_NULL_CONVERSION = YES;
				CLANG_WARN_OBJC_IMPLICIT_RETAIN_SELF = YES;
				CLANG_WARN_OBJC_LITERAL_CONVERSION = YES;
				CLANG_WARN_OBJC_ROOT_CLASS = YES_ERROR;
				CLANG_WARN_QUOTED_INCLUDE_IN_FRAMEWORK_HEADER = YES;
				CLANG_WARN_RANGE_LOOP_ANALYSIS = YES;
				CLANG_WARN_STRICT_PROTOTYPES = YES;
				CLANG_WARN_SUSPICIOUS_MOVE = YES;
				CLANG_WARN_UNGUARDED_AVAILABILITY = YES_AGGRESSIVE;
				CLANG_WARN_UNREACHABLE_CODE = YES;
				CLANG_WARN__DUPLICATE_METHOD_MATCH = YES;
				COPY_PHASE_STRIP = NO;
				DEBUG_INFORMATION_FORMAT = "dwarf-with-dsym";
				ENABLE_NS_ASSERTIONS = NO;
				ENABLE_STRICT_OBJC_MSGSEND = YES;
				ENABLE_USER_SCRIPT_SANDBOXING = YES;
				GCC_C_LANGUAGE_STANDARD = gnu17;
				GCC_NO_COMMON_BLOCKS = YES;
				GCC_WARN_64_TO_32_BIT_CONVERSION = YES;
				GCC_WARN_ABOUT_RETURN_TYPE = YES_ERROR;
				GCC_WARN_UNDECLARED_SELECTOR = YES;
				GCC_WARN_UNINITIALIZED_AUTOS = YES_AGGRESSIVE;
				GCC_WARN_UNUSED_FUNCTION = YES;
				GCC_WARN_UNUSED_VARIABLE = YES;
				INFOPLIST_EXPAND_BUILD_SETTINGS = YES;
				INFOPLIST_FILE = Agent/Info.plist;
				IPHONEOS_DEPLOYMENT_TARGET = 17.5;
				LOCALIZATION_PREFERS_STRING_CATALOGS = YES;
				MTL_ENABLE_DEBUG_INFO = NO;
				MTL_FAST_MATH = YES;
				SDKROOT = iphoneos;
				SWIFT_COMPILATION_MODE = wholemodule;
				VALIDATE_PRODUCT = YES;
			};
			name = Release;
		};
		AB297B702CA935A6007FB93B /* Debug */ = {
			isa = XCBuildConfiguration;
			baseConfigurationReference = DB5CA60023278675289ED5E8 /* Pods-Agent-cn.debug.xcconfig */;
			buildSettings = {
				ASSETCATALOG_COMPILER_APPICON_NAME = AppIcon;
				ASSETCATALOG_COMPILER_GLOBAL_ACCENT_COLOR_NAME = AccentColor;
				ASSETCATALOG_COMPILER_INCLUDE_ALL_APPICON_ASSETS = YES;
				CODE_SIGN_ENTITLEMENTS = "Agent-cn.entitlements";
				CODE_SIGN_IDENTITY = "Apple Development";
				CODE_SIGN_STYLE = Automatic;
				CURRENT_PROJECT_VERSION = 20250416181747;
				DEVELOPMENT_TEAM = 48TB6ZZL5S;
				ENABLE_USER_SCRIPT_SANDBOXING = NO;
				GENERATE_INFOPLIST_FILE = YES;
				INFOPLIST_FILE = Agent/Info.plist;
				INFOPLIST_KEY_CFBundleDisplayName = "对话式 AI 引擎体验";
				INFOPLIST_KEY_LSApplicationCategoryType = "public.app-category.developer-tools";
				INFOPLIST_KEY_NSBluetoothAlwaysUsageDescription = "The app needs to use Bluetooth to connect to smart home devices.";
				INFOPLIST_KEY_NSBluetoothPeripheralUsageDescription = "The app needs to use Bluetooth to connect to smart home devices.";
				INFOPLIST_KEY_NSCameraUsageDescription = "";
				INFOPLIST_KEY_NSLocationAlwaysAndWhenInUseUsageDescription = "The app needs to use location to access Wi-Fi for connecting to smart home devices.";
				INFOPLIST_KEY_NSLocationAlwaysUsageDescription = "The app needs to use location to access Wi-Fi for connecting to smart home devices.";
				INFOPLIST_KEY_NSLocationWhenInUseUsageDescription = "The app needs to use location to access Wi-Fi for connecting to smart home devices.";
				INFOPLIST_KEY_NSMicrophoneUsageDescription = "";
				INFOPLIST_KEY_UIApplicationSupportsIndirectInputEvents = YES;
				INFOPLIST_KEY_UILaunchStoryboardName = "Launch Screen.storyboard";
				INFOPLIST_KEY_UIMainStoryboardFile = "";
				INFOPLIST_KEY_UIRequiresFullScreen = YES;
				INFOPLIST_KEY_UIStatusBarHidden = YES;
				INFOPLIST_KEY_UIStatusBarStyle = UIStatusBarStyleLightContent;
				INFOPLIST_KEY_UISupportedInterfaceOrientations = UIInterfaceOrientationPortrait;
				INFOPLIST_KEY_UISupportedInterfaceOrientations_iPad = "UIInterfaceOrientationLandscapeLeft UIInterfaceOrientationLandscapeRight UIInterfaceOrientationPortrait UIInterfaceOrientationPortraitUpsideDown";
				INFOPLIST_KEY_UIUserInterfaceStyle = Dark;
				IPHONEOS_DEPLOYMENT_TARGET = 15.0;
				LD_RUNPATH_SEARCH_PATHS = (
					"$(inherited)",
					"@executable_path/Frameworks",
				);
				MARKETING_VERSION = 1.3.0;
				PRODUCT_BUNDLE_IDENTIFIER = cn.shengwang.convoai;
				PRODUCT_NAME = "$(TARGET_NAME)";
				PROVISIONING_PROFILE_SPECIFIER = "";
				SUPPORTED_PLATFORMS = "iphoneos iphonesimulator";
				SUPPORTS_MACCATALYST = NO;
				SWIFT_EMIT_LOC_STRINGS = YES;
				SWIFT_VERSION = 5.0;
				TARGETED_DEVICE_FAMILY = 1;
			};
			name = Debug;
		};
		AB297B712CA935A6007FB93B /* Release */ = {
			isa = XCBuildConfiguration;
			baseConfigurationReference = 63DA7E13F03739D752E8AFBA /* Pods-Agent-cn.release.xcconfig */;
			buildSettings = {
				ASSETCATALOG_COMPILER_APPICON_NAME = AppIcon;
				ASSETCATALOG_COMPILER_GLOBAL_ACCENT_COLOR_NAME = AccentColor;
				ASSETCATALOG_COMPILER_INCLUDE_ALL_APPICON_ASSETS = YES;
				CODE_SIGN_ENTITLEMENTS = "Agent-cn.entitlements";
				CODE_SIGN_IDENTITY = "Apple Development";
				CODE_SIGN_STYLE = Automatic;
				CURRENT_PROJECT_VERSION = 20250416181747;
				DEVELOPMENT_TEAM = 48TB6ZZL5S;
				ENABLE_USER_SCRIPT_SANDBOXING = NO;
				GENERATE_INFOPLIST_FILE = YES;
				INFOPLIST_FILE = Agent/Info.plist;
				INFOPLIST_KEY_CFBundleDisplayName = "对话式 AI 引擎体验";
				INFOPLIST_KEY_LSApplicationCategoryType = "public.app-category.developer-tools";
				INFOPLIST_KEY_NSBluetoothAlwaysUsageDescription = "The app needs to use Bluetooth to connect to smart home devices.";
				INFOPLIST_KEY_NSBluetoothPeripheralUsageDescription = "The app needs to use Bluetooth to connect to smart home devices.";
				INFOPLIST_KEY_NSCameraUsageDescription = "";
				INFOPLIST_KEY_NSLocationAlwaysAndWhenInUseUsageDescription = "The app needs to use location to access Wi-Fi for connecting to smart home devices.";
				INFOPLIST_KEY_NSLocationAlwaysUsageDescription = "The app needs to use location to access Wi-Fi for connecting to smart home devices.";
				INFOPLIST_KEY_NSLocationWhenInUseUsageDescription = "The app needs to use location to access Wi-Fi for connecting to smart home devices.";
				INFOPLIST_KEY_NSMicrophoneUsageDescription = "";
				INFOPLIST_KEY_UIApplicationSupportsIndirectInputEvents = YES;
				INFOPLIST_KEY_UILaunchStoryboardName = "Launch Screen.storyboard";
				INFOPLIST_KEY_UIMainStoryboardFile = "";
				INFOPLIST_KEY_UIRequiresFullScreen = YES;
				INFOPLIST_KEY_UIStatusBarHidden = YES;
				INFOPLIST_KEY_UIStatusBarStyle = UIStatusBarStyleLightContent;
				INFOPLIST_KEY_UISupportedInterfaceOrientations = UIInterfaceOrientationPortrait;
				INFOPLIST_KEY_UISupportedInterfaceOrientations_iPad = "UIInterfaceOrientationLandscapeLeft UIInterfaceOrientationLandscapeRight UIInterfaceOrientationPortrait UIInterfaceOrientationPortraitUpsideDown";
				INFOPLIST_KEY_UIUserInterfaceStyle = Dark;
				IPHONEOS_DEPLOYMENT_TARGET = 15.0;
				LD_RUNPATH_SEARCH_PATHS = (
					"$(inherited)",
					"@executable_path/Frameworks",
				);
				MARKETING_VERSION = 1.3.0;
				PRODUCT_BUNDLE_IDENTIFIER = cn.shengwang.convoai;
				PRODUCT_NAME = "$(TARGET_NAME)";
				PROVISIONING_PROFILE_SPECIFIER = "";
				SUPPORTED_PLATFORMS = "iphoneos iphonesimulator";
				SUPPORTS_MACCATALYST = NO;
				SWIFT_EMIT_LOC_STRINGS = YES;
				SWIFT_VERSION = 5.0;
				TARGETED_DEVICE_FAMILY = 1;
			};
			name = Release;
		};
/* End XCBuildConfiguration section */

/* Begin XCConfigurationList section */
		AB297B562CA935A4007FB93B /* Build configuration list for PBXProject "Agent" */ = {
			isa = XCConfigurationList;
			buildConfigurations = (
				AB297B6D2CA935A6007FB93B /* Debug */,
				AB297B6E2CA935A6007FB93B /* Release */,
			);
			defaultConfigurationIsVisible = 0;
			defaultConfigurationName = Release;
		};
		AB297B6F2CA935A6007FB93B /* Build configuration list for PBXNativeTarget "Agent-cn" */ = {
			isa = XCConfigurationList;
			buildConfigurations = (
				AB297B702CA935A6007FB93B /* Debug */,
				AB297B712CA935A6007FB93B /* Release */,
			);
			defaultConfigurationIsVisible = 0;
			defaultConfigurationName = Release;
		};
/* End XCConfigurationList section */
	};
	rootObject = AB297B532CA935A4007FB93B /* Project object */;
}
